{
  "originHash" : "518edb848a434b30e6fd0544629522d366644d8774d2a0fc887638cadae8ff85",
  "pins" : [
    {
      "identity" : "asyncswiftui",
      "kind" : "remoteSourceControl",
      "location" : "https://github.com/treastrain/AsyncSwiftUI",
      "state" : {
        "revision" : "4295308ce0843d93c1c61cd29066191738164769",
        "version" : "0.2.0"
      }
    },
    {
      "identity" : "licenselist",
      "kind" : "remoteSourceControl",
      "location" : "https://github.com/cybozu/LicenseList.git",
      "state" : {
        "revision" : "0828b88c1a6130d56ede2cc6c41ec50068a7ebd6",
        "version" : "0.7.0"
      }
    },
    {
      "identity" : "nuke",
      "kind" : "remoteSourceControl",
      "location" : "https://github.com/kean/Nuke",
      "state" : {
        "revision" : "2efd206503e99dd3a88a4dc433a76f98ce8cc198",
        "version" : "12.7.1"
      }
    },
    {
      "identity" : "vrckit",
      "kind" : "remoteSourceControl",
      "location" : "https://github.com/makinosp/vrckit",
      "state" : {
        "branch" : "main",
        "revision" : "8ba00b74f8178fea820e37ed1773c3574ad8b2e7"
      }
    }
  ],
  "version" : 3
}
