{
  "originHash" : "02c0abcf2f704cc3042d152af53e5a2cf25c711cee34e978e7697ff04f0cab16",
  "pins" : [
    {
      "identity" : "async-swift-ui",
      "kind" : "remoteSourceControl",
      "location" : "https://github.com/makinosp/async-swift-ui",
      "state" : {
        "branch" : "main",
        "revision" : "bb845af15caece517ab20c565904a0cce031f705"
      }
    },
    {
      "identity" : "licenselist",
      "kind" : "remoteSourceControl",
      "location" : "https://github.com/cybozu/LicenseList.git",
      "state" : {
        "revision" : "0828b88c1a6130d56ede2cc6c41ec50068a7ebd6",
        "version" : "0.7.0"
      }
    },
    {
      "identity" : "nuke",
      "kind" : "remoteSourceControl",
      "location" : "https://github.com/kean/Nuke",
      "state" : {
        "revision" : "0ead44350d2737db384908569c012fe67c421e4d",
        "version" : "12.8.0"
      }
    },
    {
      "identity" : "swiftlintplugins",
      "kind" : "remoteSourceControl",
      "location" : "https://github.com/SimplyDanny/SwiftLintPlugins",
      "state" : {
        "revision" : "b8431a26655378581890d56b95a0b59aba9f62da",
        "version" : "0.55.1"
      }
    },
    {
      "identity" : "vrckit",
      "kind" : "remoteSourceControl",
      "location" : "https://github.com/makinosp/vrckit",
      "state" : {
        "branch" : "main",
        "revision" : "47a9face5b9f3e17f48c57ec52a7433e387daf49"
      }
    }
  ],
  "version" : 3
}
