{
  "originHash" : "bf6580c88aae929f51f7e6f7af7e4fc3e296ec3aa188dd4994a0a38d679eaa95",
  "pins" : [
    {
      "identity" : "asyncswiftui",
      "kind" : "remoteSourceControl",
      "location" : "https://github.com/treastrain/AsyncSwiftUI",
      "state" : {
        "revision" : "4295308ce0843d93c1c61cd29066191738164769",
        "version" : "0.2.0"
      }
    },
    {
      "identity" : "nuke",
      "kind" : "remoteSourceControl",
      "location" : "https://github.com/kean/Nuke",
      "state" : {
        "revision" : "2efd206503e99dd3a88a4dc433a76f98ce8cc198",
        "version" : "12.7.1"
      }
    }
  ],
  "version" : 3
}
