{
  "originHash" : "d25c80368e9e8d8866e69d741b0ffc1dbd5065f632c8e2a054795c9c6d0d7caf",
  "pins" : [
    {
      "identity" : "async-swift-ui",
      "kind" : "remoteSourceControl",
      "location" : "https://github.com/makinosp/async-swift-ui",
      "state" : {
        "branch" : "issue-10-adapt-to-SE-0409",
        "revision" : "350d5b97c88c7b17e384659e6cf6252b4ce3b48a"
      }
    },
    {
      "identity" : "licenselist",
      "kind" : "remoteSourceControl",
      "location" : "https://github.com/cybozu/LicenseList.git",
      "state" : {
        "revision" : "0828b88c1a6130d56ede2cc6c41ec50068a7ebd6",
        "version" : "0.7.0"
      }
    },
    {
      "identity" : "nuke",
      "kind" : "remoteSourceControl",
      "location" : "https://github.com/kean/Nuke",
      "state" : {
        "revision" : "0ead44350d2737db384908569c012fe67c421e4d",
        "version" : "12.8.0"
      }
    },
    {
      "identity" : "swift-memberwise-init-macro",
      "kind" : "remoteSourceControl",
      "location" : "https://github.com/gohanlon/swift-memberwise-init-macro",
      "state" : {
        "revision" : "21ca6d8c8f9e4ce27e92f82da294e0d91953b8b6",
        "version" : "0.5.1"
      }
    },
    {
      "identity" : "swift-syntax",
      "kind" : "remoteSourceControl",
      "location" : "https://github.com/swiftlang/swift-syntax.git",
      "state" : {
        "revision" : "0687f71944021d616d34d922343dcef086855920",
        "version" : "600.0.1"
      }
    },
    {
      "identity" : "vrckit",
      "kind" : "remoteSourceControl",
      "location" : "https://github.com/makinosp/vrckit",
      "state" : {
        "branch" : "develop",
        "revision" : "87f001c166821abe48e994de70db96f1f01092ca"
      }
    }
  ],
  "version" : 3
}
