{
  "originHash" : "6a24dffb82e6a3a8154cec2eefaa2230965f6335729e92150fca931f9e23db02",
  "pins" : [
    {
      "identity" : "asyncswiftui",
      "kind" : "remoteSourceControl",
      "location" : "https://github.com/treastrain/AsyncSwiftUI",
      "state" : {
        "revision" : "4295308ce0843d93c1c61cd29066191738164769",
        "version" : "0.2.0"
      }
    }
  ],
  "version" : 3
}
