// !$*UTF8*$!
{
	archiveVersion = 1;
	classes = {
	};
	objectVersion = 60;
	objects = {

/* Begin PBXBuildFile section */
		200723972BA56377002C27E8 /* FriendDetailView.swift in Sources */ = {isa = PBXBuildFile; fileRef = 200723962BA56377002C27E8 /* FriendDetailView.swift */; };
		20102BCF2C157C77007738D3 /* HarmonieApp.swift in Sources */ = {isa = PBXBuildFile; fileRef = 20102BCE2C157C77007738D3 /* HarmonieApp.swift */; };
		2019D1ED2B9C3AEC0094E358 /* View+frame.swift in Sources */ = {isa = PBXBuildFile; fileRef = 2019D1EC2B9C3AEC0094E358 /* View+frame.swift */; };
		2019D1F02B9C3CBF0094E358 /* SizeViewModifier.swift in Sources */ = {isa = PBXBuildFile; fileRef = 2019D1EF2B9C3CBF0094E358 /* SizeViewModifier.swift */; };
		201E40E52B9B55E300321521 /* LoginView.swift in Sources */ = {isa = PBXBuildFile; fileRef = 201E40E42B9B55E300321521 /* LoginView.swift */; };
		202844C22BA5CC4F00357D09 /* FavoritesView.swift in Sources */ = {isa = PBXBuildFile; fileRef = 202844C12BA5CC4F00357D09 /* FavoritesView.swift */; };
		202844C42BA5CE1B00357D09 /* LocationsView.swift in Sources */ = {isa = PBXBuildFile; fileRef = 202844C32BA5CE1B00357D09 /* LocationsView.swift */; };
		20395D972B945CD700003921 /* ContentView.swift in Sources */ = {isa = PBXBuildFile; fileRef = 20395D962B945CD700003921 /* ContentView.swift */; };
		20395D9B2B945CD800003921 /* Assets.xcassets in Resources */ = {isa = PBXBuildFile; fileRef = 20395D9A2B945CD800003921 /* Assets.xcassets */; };
		20395D9E2B945CD800003921 /* Preview Assets.xcassets in Resources */ = {isa = PBXBuildFile; fileRef = 20395D9D2B945CD800003921 /* Preview Assets.xcassets */; };
		20395DA82B945CD900003921 /* harmonieTests.swift in Sources */ = {isa = PBXBuildFile; fileRef = 20395DA72B945CD900003921 /* harmonieTests.swift */; };
		20395DB22B945CD900003921 /* harmonieUITests.swift in Sources */ = {isa = PBXBuildFile; fileRef = 20395DB12B945CD900003921 /* harmonieUITests.swift */; };
		20395DB42B945CD900003921 /* harmonieUITestsLaunchTests.swift in Sources */ = {isa = PBXBuildFile; fileRef = 20395DB32B945CD900003921 /* harmonieUITestsLaunchTests.swift */; };
		20395DC22B945EEF00003921 /* VRCKit in Frameworks */ = {isa = PBXBuildFile; productRef = 20395DC12B945EEF00003921 /* VRCKit */; };
		20395DC42B94653100003921 /* FriendsView.swift in Sources */ = {isa = PBXBuildFile; fileRef = 20395DC32B94653100003921 /* FriendsView.swift */; };
		2044ADF02BC264240057BA6A /* StatusColor.swift in Sources */ = {isa = PBXBuildFile; fileRef = 2044ADEF2BC264240057BA6A /* StatusColor.swift */; };
		205B3BF22C00D51A0097D62A /* SettingsView.swift in Sources */ = {isa = PBXBuildFile; fileRef = 205B3BF12C00D51A0097D62A /* SettingsView.swift */; };
		205B3BF42C00D8BF0097D62A /* HAProgressView.swift in Sources */ = {isa = PBXBuildFile; fileRef = 205B3BF32C00D8BF0097D62A /* HAProgressView.swift */; };
		205FFDD52C15783F00D93ACD /* FavoriteViewModel.swift in Sources */ = {isa = PBXBuildFile; fileRef = 205FFDD42C15783F00D93ACD /* FavoriteViewModel.swift */; };
		206AC9012BFA07AA00E0D5AE /* AsyncSwiftUI in Frameworks */ = {isa = PBXBuildFile; productRef = 206AC9002BFA07AA00E0D5AE /* AsyncSwiftUI */; };
		206AC9042BFA087A00E0D5AE /* AsyncSwiftUI in Frameworks */ = {isa = PBXBuildFile; productRef = 206AC9032BFA087A00E0D5AE /* AsyncSwiftUI */; };
		208AD2A42B9C17BB00F66ED3 /* UserData.swift in Sources */ = {isa = PBXBuildFile; fileRef = 208AD2A32B9C17BB00F66ED3 /* UserData.swift */; };
		209938A62C1099EE003B4A8A /* SectionModifier.swift in Sources */ = {isa = PBXBuildFile; fileRef = 209938A52C1099EE003B4A8A /* SectionModifier.swift */; };
		209938A82C109B08003B4A8A /* View+sectioning.swift in Sources */ = {isa = PBXBuildFile; fileRef = 209938A72C109B08003B4A8A /* View+sectioning.swift */; };
		209938AA2C109C8C003B4A8A /* HASection.swift in Sources */ = {isa = PBXBuildFile; fileRef = 209938A92C109C8C003B4A8A /* HASection.swift */; };
		20CA2D262B9D699D005CC55F /* FriendListType.swift in Sources */ = {isa = PBXBuildFile; fileRef = 20CA2D252B9D699D005CC55F /* FriendListType.swift */; };
		20F213DD2C11FB470061DE29 /* NukeUI in Frameworks */ = {isa = PBXBuildFile; productRef = 20F213DC2C11FB470061DE29 /* NukeUI */; };
		20F213DF2C1200220061DE29 /* HACircleImage.swift in Sources */ = {isa = PBXBuildFile; fileRef = 20F213DE2C1200220061DE29 /* HACircleImage.swift */; };
/* End PBXBuildFile section */

/* Begin PBXContainerItemProxy section */
		20395DA42B945CD900003921 /* PBXContainerItemProxy */ = {
			isa = PBXContainerItemProxy;
			containerPortal = 20395D892B945CD700003921 /* Project object */;
			proxyType = 1;
			remoteGlobalIDString = 20395D902B945CD700003921;
			remoteInfo = harmonie;
		};
		20395DAE2B945CD900003921 /* PBXContainerItemProxy */ = {
			isa = PBXContainerItemProxy;
			containerPortal = 20395D892B945CD700003921 /* Project object */;
			proxyType = 1;
			remoteGlobalIDString = 20395D902B945CD700003921;
			remoteInfo = harmonie;
		};
/* End PBXContainerItemProxy section */

/* Begin PBXFileReference section */
		200723962BA56377002C27E8 /* FriendDetailView.swift */ = {isa = PBXFileReference; lastKnownFileType = sourcecode.swift; path = FriendDetailView.swift; sourceTree = "<group>"; };
		20102BCE2C157C77007738D3 /* HarmonieApp.swift */ = {isa = PBXFileReference; fileEncoding = 4; lastKnownFileType = sourcecode.swift; path = HarmonieApp.swift; sourceTree = "<group>"; };
		2019D1EC2B9C3AEC0094E358 /* View+frame.swift */ = {isa = PBXFileReference; lastKnownFileType = sourcecode.swift; path = "View+frame.swift"; sourceTree = "<group>"; };
		2019D1EF2B9C3CBF0094E358 /* SizeViewModifier.swift */ = {isa = PBXFileReference; lastKnownFileType = sourcecode.swift; path = SizeViewModifier.swift; sourceTree = "<group>"; };
		201E40E42B9B55E300321521 /* LoginView.swift */ = {isa = PBXFileReference; lastKnownFileType = sourcecode.swift; path = LoginView.swift; sourceTree = "<group>"; };
		202844C12BA5CC4F00357D09 /* FavoritesView.swift */ = {isa = PBXFileReference; lastKnownFileType = sourcecode.swift; path = FavoritesView.swift; sourceTree = "<group>"; };
		202844C32BA5CE1B00357D09 /* LocationsView.swift */ = {isa = PBXFileReference; lastKnownFileType = sourcecode.swift; path = LocationsView.swift; sourceTree = "<group>"; };
		20395D912B945CD700003921 /* harmonie.app */ = {isa = PBXFileReference; explicitFileType = wrapper.application; includeInIndex = 0; path = harmonie.app; sourceTree = BUILT_PRODUCTS_DIR; };
		20395D962B945CD700003921 /* ContentView.swift */ = {isa = PBXFileReference; lastKnownFileType = sourcecode.swift; path = ContentView.swift; sourceTree = "<group>"; };
		20395D9A2B945CD800003921 /* Assets.xcassets */ = {isa = PBXFileReference; lastKnownFileType = folder.assetcatalog; path = Assets.xcassets; sourceTree = "<group>"; };
		20395D9D2B945CD800003921 /* Preview Assets.xcassets */ = {isa = PBXFileReference; lastKnownFileType = folder.assetcatalog; path = "Preview Assets.xcassets"; sourceTree = "<group>"; };
		20395DA32B945CD900003921 /* harmonieTests.xctest */ = {isa = PBXFileReference; explicitFileType = wrapper.cfbundle; includeInIndex = 0; path = harmonieTests.xctest; sourceTree = BUILT_PRODUCTS_DIR; };
		20395DA72B945CD900003921 /* harmonieTests.swift */ = {isa = PBXFileReference; lastKnownFileType = sourcecode.swift; path = harmonieTests.swift; sourceTree = "<group>"; };
		20395DAD2B945CD900003921 /* harmonieUITests.xctest */ = {isa = PBXFileReference; explicitFileType = wrapper.cfbundle; includeInIndex = 0; path = harmonieUITests.xctest; sourceTree = BUILT_PRODUCTS_DIR; };
		20395DB12B945CD900003921 /* harmonieUITests.swift */ = {isa = PBXFileReference; lastKnownFileType = sourcecode.swift; path = harmonieUITests.swift; sourceTree = "<group>"; };
		20395DB32B945CD900003921 /* harmonieUITestsLaunchTests.swift */ = {isa = PBXFileReference; lastKnownFileType = sourcecode.swift; path = harmonieUITestsLaunchTests.swift; sourceTree = "<group>"; };
		20395DC32B94653100003921 /* FriendsView.swift */ = {isa = PBXFileReference; lastKnownFileType = sourcecode.swift; path = FriendsView.swift; sourceTree = "<group>"; };
		2044ADEF2BC264240057BA6A /* StatusColor.swift */ = {isa = PBXFileReference; lastKnownFileType = sourcecode.swift; path = StatusColor.swift; sourceTree = "<group>"; };
		205B3BF12C00D51A0097D62A /* SettingsView.swift */ = {isa = PBXFileReference; fileEncoding = 4; lastKnownFileType = sourcecode.swift; path = SettingsView.swift; sourceTree = "<group>"; };
		205B3BF32C00D8BF0097D62A /* HAProgressView.swift */ = {isa = PBXFileReference; lastKnownFileType = sourcecode.swift; path = HAProgressView.swift; sourceTree = "<group>"; };
		205FFDD42C15783F00D93ACD /* FavoriteViewModel.swift */ = {isa = PBXFileReference; fileEncoding = 4; lastKnownFileType = sourcecode.swift; path = FavoriteViewModel.swift; sourceTree = "<group>"; };
		208AD2A32B9C17BB00F66ED3 /* UserData.swift */ = {isa = PBXFileReference; lastKnownFileType = sourcecode.swift; path = UserData.swift; sourceTree = "<group>"; };
		209938A52C1099EE003B4A8A /* SectionModifier.swift */ = {isa = PBXFileReference; lastKnownFileType = sourcecode.swift; path = SectionModifier.swift; sourceTree = "<group>"; };
		209938A72C109B08003B4A8A /* View+sectioning.swift */ = {isa = PBXFileReference; lastKnownFileType = sourcecode.swift; path = "View+sectioning.swift"; sourceTree = "<group>"; };
		209938A92C109C8C003B4A8A /* HASection.swift */ = {isa = PBXFileReference; lastKnownFileType = sourcecode.swift; path = HASection.swift; sourceTree = "<group>"; };
		20CA2D252B9D699D005CC55F /* FriendListType.swift */ = {isa = PBXFileReference; fileEncoding = 4; lastKnownFileType = sourcecode.swift; path = FriendListType.swift; sourceTree = "<group>"; };
		20F213DE2C1200220061DE29 /* HACircleImage.swift */ = {isa = PBXFileReference; lastKnownFileType = sourcecode.swift; path = HACircleImage.swift; sourceTree = "<group>"; };
/* End PBXFileReference section */

/* Begin PBXFrameworksBuildPhase section */
		20395D8E2B945CD700003921 /* Frameworks */ = {
			isa = PBXFrameworksBuildPhase;
			buildActionMask = 2147483647;
			files = (
				20F213DD2C11FB470061DE29 /* NukeUI in Frameworks */,
				20395DC22B945EEF00003921 /* VRCKit in Frameworks */,
				206AC9042BFA087A00E0D5AE /* AsyncSwiftUI in Frameworks */,
				206AC9012BFA07AA00E0D5AE /* AsyncSwiftUI in Frameworks */,
			);
			runOnlyForDeploymentPostprocessing = 0;
		};
		20395DA02B945CD900003921 /* Frameworks */ = {
			isa = PBXFrameworksBuildPhase;
			buildActionMask = 2147483647;
			files = (
			);
			runOnlyForDeploymentPostprocessing = 0;
		};
		20395DAA2B945CD900003921 /* Frameworks */ = {
			isa = PBXFrameworksBuildPhase;
			buildActionMask = 2147483647;
			files = (
			);
			runOnlyForDeploymentPostprocessing = 0;
		};
/* End PBXFrameworksBuildPhase section */

/* Begin PBXGroup section */
		2019D1E92B9C1BAE0094E358 /* Views */ = {
			isa = PBXGroup;
			children = (
				20395D962B945CD700003921 /* ContentView.swift */,
				202844C12BA5CC4F00357D09 /* FavoritesView.swift */,
				200723962BA56377002C27E8 /* FriendDetailView.swift */,
				20395DC32B94653100003921 /* FriendsView.swift */,
				202844C32BA5CE1B00357D09 /* LocationsView.swift */,
				201E40E42B9B55E300321521 /* LoginView.swift */,
				205B3BF12C00D51A0097D62A /* SettingsView.swift */,
			);
			path = Views;
			sourceTree = "<group>";
		};
		2019D1EA2B9C1BDD0094E358 /* EnvironmentObjects */ = {
			isa = PBXGroup;
			children = (
				205FFDD42C15783F00D93ACD /* FavoriteViewModel.swift */,
				208AD2A32B9C17BB00F66ED3 /* UserData.swift */,
			);
			path = EnvironmentObjects;
			sourceTree = "<group>";
		};
		2019D1EB2B9C3AD60094E358 /* Extensions */ = {
			isa = PBXGroup;
			children = (
				2019D1EC2B9C3AEC0094E358 /* View+frame.swift */,
				209938A72C109B08003B4A8A /* View+sectioning.swift */,
			);
			path = Extensions;
			sourceTree = "<group>";
		};
		2019D1EE2B9C3C9E0094E358 /* Modifiers */ = {
			isa = PBXGroup;
			children = (
				2019D1EF2B9C3CBF0094E358 /* SizeViewModifier.swift */,
				209938A52C1099EE003B4A8A /* SectionModifier.swift */,
			);
			path = Modifiers;
			sourceTree = "<group>";
		};
		20395D882B945CD700003921 = {
			isa = PBXGroup;
			children = (
				20395D932B945CD700003921 /* harmonie */,
				20395DA62B945CD900003921 /* harmonieTests */,
				20395DB02B945CD900003921 /* harmonieUITests */,
				20395D922B945CD700003921 /* Products */,
			);
			sourceTree = "<group>";
		};
		20395D922B945CD700003921 /* Products */ = {
			isa = PBXGroup;
			children = (
				20395D912B945CD700003921 /* harmonie.app */,
				20395DA32B945CD900003921 /* harmonieTests.xctest */,
				20395DAD2B945CD900003921 /* harmonieUITests.xctest */,
			);
			name = Products;
			sourceTree = "<group>";
		};
		20395D932B945CD700003921 /* harmonie */ = {
			isa = PBXGroup;
			children = (
				2019D1EA2B9C1BDD0094E358 /* EnvironmentObjects */,
				2019D1EB2B9C3AD60094E358 /* Extensions */,
				2019D1EE2B9C3C9E0094E358 /* Modifiers */,
				20395D9C2B945CD800003921 /* Preview Content */,
				208555112BF8E8BB0079A92F /* Utils */,
				2019D1E92B9C1BAE0094E358 /* Views */,
				20395D9A2B945CD800003921 /* Assets.xcassets */,
				20102BCE2C157C77007738D3 /* HarmonieApp.swift */,
			);
			path = harmonie;
			sourceTree = "<group>";
		};
		20395D9C2B945CD800003921 /* Preview Content */ = {
			isa = PBXGroup;
			children = (
				20395D9D2B945CD800003921 /* Preview Assets.xcassets */,
			);
			path = "Preview Content";
			sourceTree = "<group>";
		};
		20395DA62B945CD900003921 /* harmonieTests */ = {
			isa = PBXGroup;
			children = (
				20395DA72B945CD900003921 /* harmonieTests.swift */,
			);
			path = harmonieTests;
			sourceTree = "<group>";
		};
		20395DB02B945CD900003921 /* harmonieUITests */ = {
			isa = PBXGroup;
			children = (
				20395DB12B945CD900003921 /* harmonieUITests.swift */,
				20395DB32B945CD900003921 /* harmonieUITestsLaunchTests.swift */,
			);
			path = harmonieUITests;
			sourceTree = "<group>";
		};
		208555112BF8E8BB0079A92F /* Utils */ = {
			isa = PBXGroup;
			children = (
				20CA2D252B9D699D005CC55F /* FriendListType.swift */,
				2044ADEF2BC264240057BA6A /* StatusColor.swift */,
				205B3BF32C00D8BF0097D62A /* HAProgressView.swift */,
				209938A92C109C8C003B4A8A /* HASection.swift */,
				20F213DE2C1200220061DE29 /* HACircleImage.swift */,
			);
			path = Utils;
			sourceTree = "<group>";
		};
/* End PBXGroup section */

/* Begin PBXNativeTarget section */
		20395D902B945CD700003921 /* harmonie */ = {
			isa = PBXNativeTarget;
			buildConfigurationList = 20395DB72B945CD900003921 /* Build configuration list for PBXNativeTarget "harmonie" */;
			buildPhases = (
				20395D8D2B945CD700003921 /* Sources */,
				20395D8E2B945CD700003921 /* Frameworks */,
				20395D8F2B945CD700003921 /* Resources */,
			);
			buildRules = (
			);
			dependencies = (
			);
			name = harmonie;
			packageProductDependencies = (
				20395DC12B945EEF00003921 /* VRCKit */,
				206AC9002BFA07AA00E0D5AE /* AsyncSwiftUI */,
				206AC9032BFA087A00E0D5AE /* AsyncSwiftUI */,
				20F213DC2C11FB470061DE29 /* NukeUI */,
			);
			productName = harmonie;
			productReference = 20395D912B945CD700003921 /* harmonie.app */;
			productType = "com.apple.product-type.application";
		};
		20395DA22B945CD900003921 /* harmonieTests */ = {
			isa = PBXNativeTarget;
			buildConfigurationList = 20395DBA2B945CD900003921 /* Build configuration list for PBXNativeTarget "harmonieTests" */;
			buildPhases = (
				20395D9F2B945CD900003921 /* Sources */,
				20395DA02B945CD900003921 /* Frameworks */,
				20395DA12B945CD900003921 /* Resources */,
			);
			buildRules = (
			);
			dependencies = (
				20395DA52B945CD900003921 /* PBXTargetDependency */,
			);
			name = harmonieTests;
			productName = harmonieTests;
			productReference = 20395DA32B945CD900003921 /* harmonieTests.xctest */;
			productType = "com.apple.product-type.bundle.unit-test";
		};
		20395DAC2B945CD900003921 /* harmonieUITests */ = {
			isa = PBXNativeTarget;
			buildConfigurationList = 20395DBD2B945CD900003921 /* Build configuration list for PBXNativeTarget "harmonieUITests" */;
			buildPhases = (
				20395DA92B945CD900003921 /* Sources */,
				20395DAA2B945CD900003921 /* Frameworks */,
				20395DAB2B945CD900003921 /* Resources */,
			);
			buildRules = (
			);
			dependencies = (
				20395DAF2B945CD900003921 /* PBXTargetDependency */,
			);
			name = harmonieUITests;
			productName = harmonieUITests;
			productReference = 20395DAD2B945CD900003921 /* harmonieUITests.xctest */;
			productType = "com.apple.product-type.bundle.ui-testing";
		};
/* End PBXNativeTarget section */

/* Begin PBXProject section */
		20395D892B945CD700003921 /* Project object */ = {
			isa = PBXProject;
			attributes = {
				BuildIndependentTargetsInParallel = 1;
				LastSwiftUpdateCheck = 1530;
				LastUpgradeCheck = 1530;
				TargetAttributes = {
					20395D902B945CD700003921 = {
						CreatedOnToolsVersion = 15.3;
					};
					20395DA22B945CD900003921 = {
						CreatedOnToolsVersion = 15.3;
						TestTargetID = 20395D902B945CD700003921;
					};
					20395DAC2B945CD900003921 = {
						CreatedOnToolsVersion = 15.3;
						TestTargetID = 20395D902B945CD700003921;
					};
				};
			};
			buildConfigurationList = 20395D8C2B945CD700003921 /* Build configuration list for PBXProject "harmonie" */;
			compatibilityVersion = "Xcode 14.0";
			developmentRegion = en;
			hasScannedForEncodings = 0;
			knownRegions = (
				en,
				Base,
			);
			mainGroup = 20395D882B945CD700003921;
			packageReferences = (
				20395DC02B945E0600003921 /* XCLocalSwiftPackageReference "../vrckit" */,
				206AC9022BFA087A00E0D5AE /* XCRemoteSwiftPackageReference "AsyncSwiftUI" */,
				20F213D92C11FB470061DE29 /* XCRemoteSwiftPackageReference "Nuke" */,
			);
			productRefGroup = 20395D922B945CD700003921 /* Products */;
			projectDirPath = "";
			projectRoot = "";
			targets = (
				20395D902B945CD700003921 /* harmonie */,
				20395DA22B945CD900003921 /* harmonieTests */,
				20395DAC2B945CD900003921 /* harmonieUITests */,
			);
		};
/* End PBXProject section */

/* Begin PBXResourcesBuildPhase section */
		20395D8F2B945CD700003921 /* Resources */ = {
			isa = PBXResourcesBuildPhase;
			buildActionMask = 2147483647;
			files = (
				20395D9E2B945CD800003921 /* Preview Assets.xcassets in Resources */,
				20395D9B2B945CD800003921 /* Assets.xcassets in Resources */,
			);
			runOnlyForDeploymentPostprocessing = 0;
		};
		20395DA12B945CD900003921 /* Resources */ = {
			isa = PBXResourcesBuildPhase;
			buildActionMask = 2147483647;
			files = (
			);
			runOnlyForDeploymentPostprocessing = 0;
		};
		20395DAB2B945CD900003921 /* Resources */ = {
			isa = PBXResourcesBuildPhase;
			buildActionMask = 2147483647;
			files = (
			);
			runOnlyForDeploymentPostprocessing = 0;
		};
/* End PBXResourcesBuildPhase section */

/* Begin PBXSourcesBuildPhase section */
		20395D8D2B945CD700003921 /* Sources */ = {
			isa = PBXSourcesBuildPhase;
			buildActionMask = 2147483647;
			files = (
				208AD2A42B9C17BB00F66ED3 /* UserData.swift in Sources */,
				209938AA2C109C8C003B4A8A /* HASection.swift in Sources */,
				20F213DF2C1200220061DE29 /* HACircleImage.swift in Sources */,
				202844C42BA5CE1B00357D09 /* LocationsView.swift in Sources */,
				20102BCF2C157C77007738D3 /* HarmonieApp.swift in Sources */,
				20395D972B945CD700003921 /* ContentView.swift in Sources */,
				20395DC42B94653100003921 /* FriendsView.swift in Sources */,
				2044ADF02BC264240057BA6A /* StatusColor.swift in Sources */,
				205FFDD52C15783F00D93ACD /* FavoriteViewModel.swift in Sources */,
				201E40E52B9B55E300321521 /* LoginView.swift in Sources */,
				200723972BA56377002C27E8 /* FriendDetailView.swift in Sources */,
				2019D1F02B9C3CBF0094E358 /* SizeViewModifier.swift in Sources */,
				209938A62C1099EE003B4A8A /* SectionModifier.swift in Sources */,
				209938A82C109B08003B4A8A /* View+sectioning.swift in Sources */,
				202844C22BA5CC4F00357D09 /* FavoritesView.swift in Sources */,
				20CA2D262B9D699D005CC55F /* FriendListType.swift in Sources */,
				2019D1ED2B9C3AEC0094E358 /* View+frame.swift in Sources */,
				205B3BF42C00D8BF0097D62A /* HAProgressView.swift in Sources */,
				205B3BF22C00D51A0097D62A /* SettingsView.swift in Sources */,
			);
			runOnlyForDeploymentPostprocessing = 0;
		};
		20395D9F2B945CD900003921 /* Sources */ = {
			isa = PBXSourcesBuildPhase;
			buildActionMask = 2147483647;
			files = (
				20395DA82B945CD900003921 /* harmonieTests.swift in Sources */,
			);
			runOnlyForDeploymentPostprocessing = 0;
		};
		20395DA92B945CD900003921 /* Sources */ = {
			isa = PBXSourcesBuildPhase;
			buildActionMask = 2147483647;
			files = (
				20395DB42B945CD900003921 /* harmonieUITestsLaunchTests.swift in Sources */,
				20395DB22B945CD900003921 /* harmonieUITests.swift in Sources */,
			);
			runOnlyForDeploymentPostprocessing = 0;
		};
/* End PBXSourcesBuildPhase section */

/* Begin PBXTargetDependency section */
		20395DA52B945CD900003921 /* PBXTargetDependency */ = {
			isa = PBXTargetDependency;
			target = 20395D902B945CD700003921 /* harmonie */;
			targetProxy = 20395DA42B945CD900003921 /* PBXContainerItemProxy */;
		};
		20395DAF2B945CD900003921 /* PBXTargetDependency */ = {
			isa = PBXTargetDependency;
			target = 20395D902B945CD700003921 /* harmonie */;
			targetProxy = 20395DAE2B945CD900003921 /* PBXContainerItemProxy */;
		};
/* End PBXTargetDependency section */

/* Begin XCBuildConfiguration section */
		20395DB52B945CD900003921 /* Debug */ = {
			isa = XCBuildConfiguration;
			buildSettings = {
				ALWAYS_SEARCH_USER_PATHS = NO;
				ASSETCATALOG_COMPILER_GENERATE_SWIFT_ASSET_SYMBOL_EXTENSIONS = YES;
				CLANG_ANALYZER_NONNULL = YES;
				CLANG_ANALYZER_NUMBER_OBJECT_CONVERSION = YES_AGGRESSIVE;
				CLANG_CXX_LANGUAGE_STANDARD = "gnu++20";
				CLANG_ENABLE_MODULES = YES;
				CLANG_ENABLE_OBJC_ARC = YES;
				CLANG_ENABLE_OBJC_WEAK = YES;
				CLANG_WARN_BLOCK_CAPTURE_AUTORELEASING = YES;
				CLANG_WARN_BOOL_CONVERSION = YES;
				CLANG_WARN_COMMA = YES;
				CLANG_WARN_CONSTANT_CONVERSION = YES;
				CLANG_WARN_DEPRECATED_OBJC_IMPLEMENTATIONS = YES;
				CLANG_WARN_DIRECT_OBJC_ISA_USAGE = YES_ERROR;
				CLANG_WARN_DOCUMENTATION_COMMENTS = YES;
				CLANG_WARN_EMPTY_BODY = YES;
				CLANG_WARN_ENUM_CONVERSION = YES;
				CLANG_WARN_INFINITE_RECURSION = YES;
				CLANG_WARN_INT_CONVERSION = YES;
				CLANG_WARN_NON_LITERAL_NULL_CONVERSION = YES;
				CLANG_WARN_OBJC_IMPLICIT_RETAIN_SELF = YES;
				CLANG_WARN_OBJC_LITERAL_CONVERSION = YES;
				CLANG_WARN_OBJC_ROOT_CLASS = YES_ERROR;
				CLANG_WARN_QUOTED_INCLUDE_IN_FRAMEWORK_HEADER = YES;
				CLANG_WARN_RANGE_LOOP_ANALYSIS = YES;
				CLANG_WARN_STRICT_PROTOTYPES = YES;
				CLANG_WARN_SUSPICIOUS_MOVE = YES;
				CLANG_WARN_UNGUARDED_AVAILABILITY = YES_AGGRESSIVE;
				CLANG_WARN_UNREACHABLE_CODE = YES;
				CLANG_WARN__DUPLICATE_METHOD_MATCH = YES;
				COPY_PHASE_STRIP = NO;
				DEBUG_INFORMATION_FORMAT = dwarf;
				ENABLE_STRICT_OBJC_MSGSEND = YES;
				ENABLE_TESTABILITY = YES;
				ENABLE_USER_SCRIPT_SANDBOXING = YES;
				GCC_C_LANGUAGE_STANDARD = gnu17;
				GCC_DYNAMIC_NO_PIC = NO;
				GCC_NO_COMMON_BLOCKS = YES;
				GCC_OPTIMIZATION_LEVEL = 0;
				GCC_PREPROCESSOR_DEFINITIONS = (
					"DEBUG=1",
					"$(inherited)",
				);
				GCC_WARN_64_TO_32_BIT_CONVERSION = YES;
				GCC_WARN_ABOUT_RETURN_TYPE = YES_ERROR;
				GCC_WARN_UNDECLARED_SELECTOR = YES;
				GCC_WARN_UNINITIALIZED_AUTOS = YES_AGGRESSIVE;
				GCC_WARN_UNUSED_FUNCTION = YES;
				GCC_WARN_UNUSED_VARIABLE = YES;
				IPHONEOS_DEPLOYMENT_TARGET = 17.4;
				LOCALIZATION_PREFERS_STRING_CATALOGS = YES;
				MTL_ENABLE_DEBUG_INFO = INCLUDE_SOURCE;
				MTL_FAST_MATH = YES;
				ONLY_ACTIVE_ARCH = YES;
				SDKROOT = iphoneos;
				SWIFT_ACTIVE_COMPILATION_CONDITIONS = "DEBUG $(inherited)";
				SWIFT_OPTIMIZATION_LEVEL = "-Onone";
			};
			name = Debug;
		};
		20395DB62B945CD900003921 /* Release */ = {
			isa = XCBuildConfiguration;
			buildSettings = {
				ALWAYS_SEARCH_USER_PATHS = NO;
				ASSETCATALOG_COMPILER_GENERATE_SWIFT_ASSET_SYMBOL_EXTENSIONS = YES;
				CLANG_ANALYZER_NONNULL = YES;
				CLANG_ANALYZER_NUMBER_OBJECT_CONVERSION = YES_AGGRESSIVE;
				CLANG_CXX_LANGUAGE_STANDARD = "gnu++20";
				CLANG_ENABLE_MODULES = YES;
				CLANG_ENABLE_OBJC_ARC = YES;
				CLANG_ENABLE_OBJC_WEAK = YES;
				CLANG_WARN_BLOCK_CAPTURE_AUTORELEASING = YES;
				CLANG_WARN_BOOL_CONVERSION = YES;
				CLANG_WARN_COMMA = YES;
				CLANG_WARN_CONSTANT_CONVERSION = YES;
				CLANG_WARN_DEPRECATED_OBJC_IMPLEMENTATIONS = YES;
				CLANG_WARN_DIRECT_OBJC_ISA_USAGE = YES_ERROR;
				CLANG_WARN_DOCUMENTATION_COMMENTS = YES;
				CLANG_WARN_EMPTY_BODY = YES;
				CLANG_WARN_ENUM_CONVERSION = YES;
				CLANG_WARN_INFINITE_RECURSION = YES;
				CLANG_WARN_INT_CONVERSION = YES;
				CLANG_WARN_NON_LITERAL_NULL_CONVERSION = YES;
				CLANG_WARN_OBJC_IMPLICIT_RETAIN_SELF = YES;
				CLANG_WARN_OBJC_LITERAL_CONVERSION = YES;
				CLANG_WARN_OBJC_ROOT_CLASS = YES_ERROR;
				CLANG_WARN_QUOTED_INCLUDE_IN_FRAMEWORK_HEADER = YES;
				CLANG_WARN_RANGE_LOOP_ANALYSIS = YES;
				CLANG_WARN_STRICT_PROTOTYPES = YES;
				CLANG_WARN_SUSPICIOUS_MOVE = YES;
				CLANG_WARN_UNGUARDED_AVAILABILITY = YES_AGGRESSIVE;
				CLANG_WARN_UNREACHABLE_CODE = YES;
				CLANG_WARN__DUPLICATE_METHOD_MATCH = YES;
				COPY_PHASE_STRIP = NO;
				DEBUG_INFORMATION_FORMAT = "dwarf-with-dsym";
				ENABLE_NS_ASSERTIONS = NO;
				ENABLE_STRICT_OBJC_MSGSEND = YES;
				ENABLE_USER_SCRIPT_SANDBOXING = YES;
				GCC_C_LANGUAGE_STANDARD = gnu17;
				GCC_NO_COMMON_BLOCKS = YES;
				GCC_WARN_64_TO_32_BIT_CONVERSION = YES;
				GCC_WARN_ABOUT_RETURN_TYPE = YES_ERROR;
				GCC_WARN_UNDECLARED_SELECTOR = YES;
				GCC_WARN_UNINITIALIZED_AUTOS = YES_AGGRESSIVE;
				GCC_WARN_UNUSED_FUNCTION = YES;
				GCC_WARN_UNUSED_VARIABLE = YES;
				IPHONEOS_DEPLOYMENT_TARGET = 17.4;
				LOCALIZATION_PREFERS_STRING_CATALOGS = YES;
				MTL_ENABLE_DEBUG_INFO = NO;
				MTL_FAST_MATH = YES;
				SDKROOT = iphoneos;
				SWIFT_COMPILATION_MODE = wholemodule;
				VALIDATE_PRODUCT = YES;
			};
			name = Release;
		};
		20395DB82B945CD900003921 /* Debug */ = {
			isa = XCBuildConfiguration;
			buildSettings = {
				ASSETCATALOG_COMPILER_APPICON_NAME = AppIcon;
				ASSETCATALOG_COMPILER_GLOBAL_ACCENT_COLOR_NAME = AccentColor;
				CODE_SIGN_STYLE = Automatic;
				CURRENT_PROJECT_VERSION = 1;
				DEVELOPMENT_ASSET_PATHS = "\"harmonie/Preview Content\"";
				DEVELOPMENT_TEAM = CJHK4FP72G;
				ENABLE_PREVIEWS = YES;
				GENERATE_INFOPLIST_FILE = YES;
				INFOPLIST_KEY_CFBundleDisplayName = Harmonie;
				INFOPLIST_KEY_UIApplicationSceneManifest_Generation = YES;
				INFOPLIST_KEY_UIApplicationSupportsIndirectInputEvents = YES;
				INFOPLIST_KEY_UILaunchScreen_Generation = YES;
				INFOPLIST_KEY_UISupportedInterfaceOrientations_iPad = "UIInterfaceOrientationPortrait UIInterfaceOrientationPortraitUpsideDown UIInterfaceOrientationLandscapeLeft UIInterfaceOrientationLandscapeRight";
				INFOPLIST_KEY_UISupportedInterfaceOrientations_iPhone = "UIInterfaceOrientationPortrait UIInterfaceOrientationLandscapeLeft UIInterfaceOrientationLandscapeRight";
				LD_RUNPATH_SEARCH_PATHS = (
					"$(inherited)",
					"@executable_path/Frameworks",
				);
				MARKETING_VERSION = 1.0;
				PRODUCT_BUNDLE_IDENTIFIER = net.nemushee.harmonie;
				PRODUCT_NAME = "$(TARGET_NAME)";
				SWIFT_EMIT_LOC_STRINGS = YES;
				SWIFT_VERSION = 5.0;
				TARGETED_DEVICE_FAMILY = "1,2";
			};
			name = Debug;
		};
		20395DB92B945CD900003921 /* Release */ = {
			isa = XCBuildConfiguration;
			buildSettings = {
				ASSETCATALOG_COMPILER_APPICON_NAME = AppIcon;
				ASSETCATALOG_COMPILER_GLOBAL_ACCENT_COLOR_NAME = AccentColor;
				CODE_SIGN_STYLE = Automatic;
				CURRENT_PROJECT_VERSION = 1;
				DEVELOPMENT_ASSET_PATHS = "\"harmonie/Preview Content\"";
				DEVELOPMENT_TEAM = CJHK4FP72G;
				ENABLE_PREVIEWS = YES;
				GENERATE_INFOPLIST_FILE = YES;
				INFOPLIST_KEY_CFBundleDisplayName = Harmonie;
				INFOPLIST_KEY_UIApplicationSceneManifest_Generation = YES;
				INFOPLIST_KEY_UIApplicationSupportsIndirectInputEvents = YES;
				INFOPLIST_KEY_UILaunchScreen_Generation = YES;
				INFOPLIST_KEY_UISupportedInterfaceOrientations_iPad = "UIInterfaceOrientationPortrait UIInterfaceOrientationPortraitUpsideDown UIInterfaceOrientationLandscapeLeft UIInterfaceOrientationLandscapeRight";
				INFOPLIST_KEY_UISupportedInterfaceOrientations_iPhone = "UIInterfaceOrientationPortrait UIInterfaceOrientationLandscapeLeft UIInterfaceOrientationLandscapeRight";
				LD_RUNPATH_SEARCH_PATHS = (
					"$(inherited)",
					"@executable_path/Frameworks",
				);
				MARKETING_VERSION = 1.0;
				PRODUCT_BUNDLE_IDENTIFIER = net.nemushee.harmonie;
				PRODUCT_NAME = "$(TARGET_NAME)";
				SWIFT_EMIT_LOC_STRINGS = YES;
				SWIFT_VERSION = 5.0;
				TARGETED_DEVICE_FAMILY = "1,2";
			};
			name = Release;
		};
		20395DBB2B945CD900003921 /* Debug */ = {
			isa = XCBuildConfiguration;
			buildSettings = {
				ALWAYS_EMBED_SWIFT_STANDARD_LIBRARIES = YES;
				BUNDLE_LOADER = "$(TEST_HOST)";
				CODE_SIGN_STYLE = Automatic;
				CURRENT_PROJECT_VERSION = 1;
				DEVELOPMENT_TEAM = CJHK4FP72G;
				GENERATE_INFOPLIST_FILE = YES;
				IPHONEOS_DEPLOYMENT_TARGET = 17.4;
				MARKETING_VERSION = 1.0;
				PRODUCT_BUNDLE_IDENTIFIER = net.nemushee.harmonieTests;
				PRODUCT_NAME = "$(TARGET_NAME)";
				SWIFT_EMIT_LOC_STRINGS = NO;
				SWIFT_VERSION = 5.0;
				TARGETED_DEVICE_FAMILY = "1,2";
				TEST_HOST = "$(BUILT_PRODUCTS_DIR)/harmonie.app/$(BUNDLE_EXECUTABLE_FOLDER_PATH)/harmonie";
			};
			name = Debug;
		};
		20395DBC2B945CD900003921 /* Release */ = {
			isa = XCBuildConfiguration;
			buildSettings = {
				ALWAYS_EMBED_SWIFT_STANDARD_LIBRARIES = YES;
				BUNDLE_LOADER = "$(TEST_HOST)";
				CODE_SIGN_STYLE = Automatic;
				CURRENT_PROJECT_VERSION = 1;
				DEVELOPMENT_TEAM = CJHK4FP72G;
				GENERATE_INFOPLIST_FILE = YES;
				IPHONEOS_DEPLOYMENT_TARGET = 17.4;
				MARKETING_VERSION = 1.0;
				PRODUCT_BUNDLE_IDENTIFIER = net.nemushee.harmonieTests;
				PRODUCT_NAME = "$(TARGET_NAME)";
				SWIFT_EMIT_LOC_STRINGS = NO;
				SWIFT_VERSION = 5.0;
				TARGETED_DEVICE_FAMILY = "1,2";
				TEST_HOST = "$(BUILT_PRODUCTS_DIR)/harmonie.app/$(BUNDLE_EXECUTABLE_FOLDER_PATH)/harmonie";
			};
			name = Release;
		};
		20395DBE2B945CD900003921 /* Debug */ = {
			isa = XCBuildConfiguration;
			buildSettings = {
				ALWAYS_EMBED_SWIFT_STANDARD_LIBRARIES = YES;
				CODE_SIGN_STYLE = Automatic;
				CURRENT_PROJECT_VERSION = 1;
				DEVELOPMENT_TEAM = CJHK4FP72G;
				GENERATE_INFOPLIST_FILE = YES;
				MARKETING_VERSION = 1.0;
				PRODUCT_BUNDLE_IDENTIFIER = net.nemushee.harmonieUITests;
				PRODUCT_NAME = "$(TARGET_NAME)";
				SWIFT_EMIT_LOC_STRINGS = NO;
				SWIFT_VERSION = 5.0;
				TARGETED_DEVICE_FAMILY = "1,2";
				TEST_TARGET_NAME = harmonie;
			};
			name = Debug;
		};
		20395DBF2B945CD900003921 /* Release */ = {
			isa = XCBuildConfiguration;
			buildSettings = {
				ALWAYS_EMBED_SWIFT_STANDARD_LIBRARIES = YES;
				CODE_SIGN_STYLE = Automatic;
				CURRENT_PROJECT_VERSION = 1;
				DEVELOPMENT_TEAM = CJHK4FP72G;
				GENERATE_INFOPLIST_FILE = YES;
				MARKETING_VERSION = 1.0;
				PRODUCT_BUNDLE_IDENTIFIER = net.nemushee.harmonieUITests;
				PRODUCT_NAME = "$(TARGET_NAME)";
				SWIFT_EMIT_LOC_STRINGS = NO;
				SWIFT_VERSION = 5.0;
				TARGETED_DEVICE_FAMILY = "1,2";
				TEST_TARGET_NAME = harmonie;
			};
			name = Release;
		};
/* End XCBuildConfiguration section */

/* Begin XCConfigurationList section */
		20395D8C2B945CD700003921 /* Build configuration list for PBXProject "harmonie" */ = {
			isa = XCConfigurationList;
			buildConfigurations = (
				20395DB52B945CD900003921 /* Debug */,
				20395DB62B945CD900003921 /* Release */,
			);
			defaultConfigurationIsVisible = 0;
			defaultConfigurationName = Release;
		};
		20395DB72B945CD900003921 /* Build configuration list for PBXNativeTarget "harmonie" */ = {
			isa = XCConfigurationList;
			buildConfigurations = (
				20395DB82B945CD900003921 /* Debug */,
				20395DB92B945CD900003921 /* Release */,
			);
			defaultConfigurationIsVisible = 0;
			defaultConfigurationName = Release;
		};
		20395DBA2B945CD900003921 /* Build configuration list for PBXNativeTarget "harmonieTests" */ = {
			isa = XCConfigurationList;
			buildConfigurations = (
				20395DBB2B945CD900003921 /* Debug */,
				20395DBC2B945CD900003921 /* Release */,
			);
			defaultConfigurationIsVisible = 0;
			defaultConfigurationName = Release;
		};
		20395DBD2B945CD900003921 /* Build configuration list for PBXNativeTarget "harmonieUITests" */ = {
			isa = XCConfigurationList;
			buildConfigurations = (
				20395DBE2B945CD900003921 /* Debug */,
				20395DBF2B945CD900003921 /* Release */,
			);
			defaultConfigurationIsVisible = 0;
			defaultConfigurationName = Release;
		};
/* End XCConfigurationList section */

/* Begin XCLocalSwiftPackageReference section */
		20395DC02B945E0600003921 /* XCLocalSwiftPackageReference "../vrckit" */ = {
			isa = XCLocalSwiftPackageReference;
			relativePath = ../vrckit;
		};
/* End XCLocalSwiftPackageReference section */

/* Begin XCRemoteSwiftPackageReference section */
		206AC9022BFA087A00E0D5AE /* XCRemoteSwiftPackageReference "AsyncSwiftUI" */ = {
			isa = XCRemoteSwiftPackageReference;
			repositoryURL = "https://github.com/treastrain/AsyncSwiftUI";
			requirement = {
				kind = exactVersion;
				version = 0.2.0;
			};
		};
		20F213D92C11FB470061DE29 /* XCRemoteSwiftPackageReference "Nuke" */ = {
			isa = XCRemoteSwiftPackageReference;
			repositoryURL = "https://github.com/kean/Nuke";
			requirement = {
				kind = upToNextMajorVersion;
				minimumVersion = 12.7.1;
			};
		};
/* End XCRemoteSwiftPackageReference section */

/* Begin XCSwiftPackageProductDependency section */
		20395DC12B945EEF00003921 /* VRCKit */ = {
			isa = XCSwiftPackageProductDependency;
			productName = VRCKit;
		};
		206AC9002BFA07AA00E0D5AE /* AsyncSwiftUI */ = {
			isa = XCSwiftPackageProductDependency;
			productName = AsyncSwiftUI;
		};
		206AC9032BFA087A00E0D5AE /* AsyncSwiftUI */ = {
			isa = XCSwiftPackageProductDependency;
			package = 206AC9022BFA087A00E0D5AE /* XCRemoteSwiftPackageReference "AsyncSwiftUI" */;
			productName = AsyncSwiftUI;
		};
		20F213DC2C11FB470061DE29 /* NukeUI */ = {
			isa = XCSwiftPackageProductDependency;
			package = 20F213D92C11FB470061DE29 /* XCRemoteSwiftPackageReference "Nuke" */;
			productName = NukeUI;
		};
/* End XCSwiftPackageProductDependency section */
	};
	rootObject = 20395D892B945CD700003921 /* Project object */;
}
